
Microsoft Visual Studio Solution File, Format Version 12.00
# Visual Studio Version 17
VisualStudioVersion = 17.2.32616.157
MinimumVisualStudioVersion = 10.0.40219.1
Project("{9A19103F-16F7-4668-BE54-9A1E7A4F7556}") = "GuitarProSharp", "GuitarProSharp\GuitarProSharp.csproj", "{1DB859A1-3521-415F-A0A0-7466405B4726}"
EndProject
Project("{FAE04EC0-301F-11D3-BF4B-00C04F79EFBC}") = "GuitarSongEditor", "GuitarSongEditor\GuitarSongEditor.csproj", "{7346E67F-9A18-4A12-92F5-9E6E5591E745}"
EndProject
Global
	GlobalSection(SolutionConfigurationPlatforms) = preSolution
		Debug|Any CPU = Debug|Any CPU
		Release|Any CPU = Release|Any CPU
	EndGlobalSection
	GlobalSection(ProjectConfigurationPlatforms) = postSolution
		{1DB859A1-3521-415F-A0A0-7466405B4726}.Debug|Any CPU.ActiveCfg = Debug|Any CPU
		{1DB859A1-3521-415F-A0A0-7466405B4726}.Debug|Any CPU.Build.0 = Debug|Any CPU
		{1DB859A1-3521-415F-A0A0-7466405B4726}.Release|Any CPU.ActiveCfg = Release|Any CPU
		{1DB859A1-3521-415F-A0A0-7466405B4726}.Release|Any CPU.Build.0 = Release|Any CPU
		{7346E67F-9A18-4A12-92F5-9E6E5591E745}.Debug|Any CPU.ActiveCfg = Debug|Any CPU
		{7346E67F-9A18-4A12-92F5-9E6E5591E745}.Debug|Any CPU.Build.0 = Debug|Any CPU
		{7346E67F-9A18-4A12-92F5-9E6E5591E745}.Release|Any CPU.ActiveCfg = Release|Any CPU
		{7346E67F-9A18-4A12-92F5-9E6E5591E745}.Release|Any CPU.Build.0 = Release|Any CPU
	EndGlobalSection
	GlobalSection(SolutionProperties) = preSolution
		HideSolutionNode = FALSE
	EndGlobalSection
	GlobalSection(ExtensibilityGlobals) = postSolution
		SolutionGuid = {187C9D12-4F31-4AB1-9F4F-DC1F3CAF0EE3}
	EndGlobalSection
EndGlobal
